<?xml version="1.0" encoding="utf-8"?>
<Project ToolsVersion="4.0" xmlns="http://schemas.microsoft.com/developer/msbuild/2003">
  <ItemGroup>
    <Filter Include="源文件">
      <UniqueIdentifier>{4FC737F1-C7A5-4376-A066-2A32D752A2FF}</UniqueIdentifier>
      <Extensions>cpp;c;cc;cxx;def;odl;idl;hpj;bat;asm;asmx</Extensions>
    </Filter>
    <Filter Include="头文件">
      <UniqueIdentifier>{93995380-89BD-4b04-88EB-625FBE52EBFB}</UniqueIdentifier>
      <Extensions>h;hh;hpp;hxx;hm;inl;inc;xsd</Extensions>
    </Filter>
    <Filter Include="资源文件">
      <UniqueIdentifier>{67DA6AB6-F800-4c08-8B7A-83BB121AAD01}</UniqueIdentifier>
      <Extensions>rc;ico;cur;bmp;dlg;rc2;rct;bin;rgs;gif;jpg;jpeg;jpe;resx;tiff;tif;png;wav;mfcribbon-ms</Extensions>
    </Filter>
    <Filter Include="Utilities">
      <UniqueIdentifier>{6c937005-2154-406a-91a9-955bc2573349}</UniqueIdentifier>
    </Filter>
  </ItemGroup>
  <ItemGroup>
    <ClCompile Include="mian.cpp">
      <Filter>源文件</Filter>
    </ClCompile>
    <ClCompile Include="offer_1.cpp">
      <Filter>源文件</Filter>
    </ClCompile>
    <ClCompile Include="offer_2.cpp">
      <Filter>源文件</Filter>
    </ClCompile>
    <ClCompile Include="offer_4.cpp">
      <Filter>源文件</Filter>
    </ClCompile>
    <ClCompile Include="offer_5.cpp">
      <Filter>源文件</Filter>
    </ClCompile>
    <ClCompile Include="offer_6.cpp">
      <Filter>源文件</Filter>
    </ClCompile>
    <ClCompile Include="offer_7.cpp">
      <Filter>源文件</Filter>
    </ClCompile>
    <ClCompile Include="Utilities\Array.cpp">
      <Filter>Utilities</Filter>
    </ClCompile>
    <ClCompile Include="Utilities\BinaryTree.cpp">
      <Filter>Utilities</Filter>
    </ClCompile>
    <ClCompile Include="Utilities\List.cpp">
      <Filter>Utilities</Filter>
    </ClCompile>
    <ClCompile Include="Utilities\StringUtil.cpp">
      <Filter>Utilities</Filter>
    </ClCompile>
    <ClCompile Include="Utilities\Tree.cpp">
      <Filter>Utilities</Filter>
    </ClCompile>
    <ClCompile Include="offer_3_1.cpp">
      <Filter>源文件</Filter>
    </ClCompile>
    <ClCompile Include="offer_3_2.cpp">
      <Filter>源文件</Filter>
    </ClCompile>
    <ClCompile Include="offer_8.cpp">
      <Filter>源文件</Filter>
    </ClCompile>
    <ClCompile Include="offer_9.cpp">
      <Filter>源文件</Filter>
    </ClCompile>
    <ClCompile Include="offer_10.cpp">
      <Filter>源文件</Filter>
    </ClCompile>
    <ClCompile Include="offer_11.cpp">
      <Filter>源文件</Filter>
    </ClCompile>
    <ClCompile Include="uk_test.cpp">
      <Filter>源文件</Filter>
    </ClCompile>
    <ClCompile Include="offer_12.cpp">
      <Filter>源文件</Filter>
    </ClCompile>
    <ClCompile Include="offer_13.cpp">
      <Filter>源文件</Filter>
    </ClCompile>
    <ClCompile Include="offer_14.cpp">
      <Filter>源文件</Filter>
    </ClCompile>
    <ClCompile Include="offer_15.cpp">
      <Filter>源文件</Filter>
    </ClCompile>
    <ClCompile Include="offer_16.cpp">
      <Filter>源文件</Filter>
    </ClCompile>
    <ClCompile Include="offer_17.cpp">
      <Filter>源文件</Filter>
    </ClCompile>
    <ClCompile Include="offer_18_1.cpp">
      <Filter>源文件</Filter>
    </ClCompile>
    <ClCompile Include="offer_18_2.cpp">
      <Filter>源文件</Filter>
    </ClCompile>
    <ClCompile Include="offer_19.cpp">
      <Filter>源文件</Filter>
    </ClCompile>
    <ClCompile Include="offer_20.cpp">
      <Filter>源文件</Filter>
    </ClCompile>
    <ClCompile Include="offer_21.cpp">
      <Filter>源文件</Filter>
    </ClCompile>
    <ClCompile Include="offer_22.cpp">
      <Filter>源文件</Filter>
    </ClCompile>
    <ClCompile Include="offer_23.cpp">
      <Filter>源文件</Filter>
    </ClCompile>
    <ClCompile Include="offer_24.cpp">
      <Filter>源文件</Filter>
    </ClCompile>
  </ItemGroup>
  <ItemGroup>
    <ClInclude Include="offer_1.h">
      <Filter>头文件</Filter>
    </ClInclude>
    <ClInclude Include="offer_2.h">
      <Filter>头文件</Filter>
    </ClInclude>
    <ClInclude Include="offer_4.h">
      <Filter>头文件</Filter>
    </ClInclude>
    <ClInclude Include="offer_5.h">
      <Filter>头文件</Filter>
    </ClInclude>
    <ClInclude Include="offer_6.h">
      <Filter>头文件</Filter>
    </ClInclude>
    <ClInclude Include="offer_7.h">
      <Filter>头文件</Filter>
    </ClInclude>
    <ClInclude Include="Utilities\Array.h">
      <Filter>Utilities</Filter>
    </ClInclude>
    <ClInclude Include="Utilities\BinaryTree.h">
      <Filter>Utilities</Filter>
    </ClInclude>
    <ClInclude Include="Utilities\List.h">
      <Filter>Utilities</Filter>
    </ClInclude>
    <ClInclude Include="Utilities\StringUtil.h">
      <Filter>Utilities</Filter>
    </ClInclude>
    <ClInclude Include="Utilities\Tree.h">
      <Filter>Utilities</Filter>
    </ClInclude>
    <ClInclude Include="offer_3_1.h">
      <Filter>头文件</Filter>
    </ClInclude>
    <ClInclude Include="offer_3_2.h">
      <Filter>头文件</Filter>
    </ClInclude>
    <ClInclude Include="offer_8.h">
      <Filter>头文件</Filter>
    </ClInclude>
    <ClInclude Include="offer_9.h">
      <Filter>头文件</Filter>
    </ClInclude>
    <ClInclude Include="offer_10.h">
      <Filter>头文件</Filter>
    </ClInclude>
    <ClInclude Include="offer_11.h">
      <Filter>头文件</Filter>
    </ClInclude>
    <ClInclude Include="uk_test.h">
      <Filter>头文件</Filter>
    </ClInclude>
    <ClInclude Include="offer_12.h">
      <Filter>头文件</Filter>
    </ClInclude>
    <ClInclude Include="offer_13.h">
      <Filter>头文件</Filter>
    </ClInclude>
    <ClInclude Include="offer_14.h">
      <Filter>头文件</Filter>
    </ClInclude>
    <ClInclude Include="offer_15.h">
      <Filter>头文件</Filter>
    </ClInclude>
    <ClInclude Include="offer_16.h">
      <Filter>头文件</Filter>
    </ClInclude>
    <ClInclude Include="offer_17.h">
      <Filter>头文件</Filter>
    </ClInclude>
    <ClInclude Include="offer_18_1.h">
      <Filter>头文件</Filter>
    </ClInclude>
    <ClInclude Include="offer_18_2.h">
      <Filter>头文件</Filter>
    </ClInclude>
    <ClInclude Include="offer_19.h">
      <Filter>头文件</Filter>
    </ClInclude>
    <ClInclude Include="offer_20.h">
      <Filter>头文件</Filter>
    </ClInclude>
    <ClInclude Include="offer_21.h">
      <Filter>头文件</Filter>
    </ClInclude>
    <ClInclude Include="offer_22.h">
      <Filter>头文件</Filter>
    </ClInclude>
    <ClInclude Include="offer_23.h">
      <Filter>头文件</Filter>
    </ClInclude>
    <ClInclude Include="offer_24.h">
      <Filter>头文件</Filter>
    </ClInclude>
  </ItemGroup>
</Project>